{
  "originHash" : "4d3c31728539539acf4ca5f0d2248b76cdf7805168a66155b276051096ca4da1",
  "pins" : [
    {
      "identity" : "keyboardshortcuts",
      "kind" : "remoteSourceControl",
      "location" : "https://github.com/sindresorhus/KeyboardShortcuts",
      "state" : {
        "revision" : "2e5f15581fefb821d4b366e57d817be8bf12aa58",
        "version" : "2.0.1"
      }
    },
    {
      "identity" : "openai",
      "kind" : "remoteSourceControl",
      "location" : "https://github.com/MacPaw/OpenAI.git",
      "state" : {
        "revision" : "843e087929aa806adb611dbca93f9a4a7f28be04",
        "version" : "0.3.0"
      }
    },
    {
      "identity" : "swiftdiff5",
      "kind" : "remoteSourceControl",
      "location" : "https://github.com/kvasnikoff/SwiftDiff5",
      "state" : {
        "branch" : "master",
        "revision" : "fb365b197b01047067e74f50c58f914254540c3b"
      }
    }
  ],
  "version" : 3
}
